<?xml version="1.0" encoding="utf-8"?>
<Project ToolsVersion="4.0" xmlns="http://schemas.microsoft.com/developer/msbuild/2003">
  <ItemGroup>
    <Filter Include="engine">
      <UniqueIdentifier>{d13779ef-57ec-4352-86d6-7923970ea587}</UniqueIdentifier>
    </Filter>
    <Filter Include="game">
      <UniqueIdentifier>{4b87d64f-836a-4ff2-a772-a4c1a787630e}</UniqueIdentifier>
    </Filter>
    <Filter Include="world">
      <UniqueIdentifier>{5f6d4cf3-6f2a-4393-8d96-7270eaaf9dca}</UniqueIdentifier>
    </Filter>
    <Filter Include="imgui">
      <UniqueIdentifier>{bf9afe7e-69cd-4b02-9924-84efad15ef66}</UniqueIdentifier>
    </Filter>
    <Filter Include="engine\cwlib">
      <UniqueIdentifier>{9be541f5-873a-4bf8-ac04-1916e795a8ac}</UniqueIdentifier>
    </Filter>
    <Filter Include="lua">
      <UniqueIdentifier>{183fc9b5-7853-4651-945d-953f64c1d05a}</UniqueIdentifier>
    </Filter>
    <Filter Include="engine\renderer">
      <UniqueIdentifier>{77d80903-9ba2-4b88-9f8a-f2bc09e543a9}</UniqueIdentifier>
    </Filter>
  </ItemGroup>
  <ItemGroup>
    <ClInclude Include="game.hpp">
      <Filter>game</Filter>
    </ClInclude>
    <ClInclude Include="Audio.hpp">
      <Filter>engine</Filter>
    </ClInclude>
    <ClInclude Include="camera.hpp">
      <Filter>engine</Filter>
    </ClInclude>
    <ClInclude Include="e_keybindings.h">
      <Filter>engine</Filter>
    </ClInclude>
    <ClInclude Include="engine.hpp">
      <Filter>engine</Filter>
    </ClInclude>
    <ClInclude Include="physics.hpp">
      <Filter>engine</Filter>
    </ClInclude>
    <ClInclude Include="utils.hpp">
      <Filter>engine</Filter>
    </ClInclude>
    <ClInclude Include="Vectors.hpp">
      <Filter>engine</Filter>
    </ClInclude>
    <ClInclude Include="preprocessors.h">
      <Filter>engine</Filter>
    </ClInclude>
    <ClInclude Include="playercontroller.hpp">
      <Filter>engine</Filter>
    </ClInclude>
    <ClInclude Include="e_colors.hpp">
      <Filter>engine</Filter>
    </ClInclude>
    <ClInclude Include="imgui\imconfig.h">
      <Filter>imgui</Filter>
    </ClInclude>
    <ClInclude Include="imgui\imgui.h">
      <Filter>imgui</Filter>
    </ClInclude>
    <ClInclude Include="imgui\imgui_impl_sdl.h">
      <Filter>imgui</Filter>
    </ClInclude>
    <ClInclude Include="imgui\imgui_impl_sdlrenderer.h">
      <Filter>imgui</Filter>
    </ClInclude>
    <ClInclude Include="imgui\imgui_internal.h">
      <Filter>imgui</Filter>
    </ClInclude>
    <ClInclude Include="imgui\imstb_rectpack.h">
      <Filter>imgui</Filter>
    </ClInclude>
    <ClInclude Include="imgui\imstb_textedit.h">
      <Filter>imgui</Filter>
    </ClInclude>
    <ClInclude Include="imgui\imstb_truetype.h">
      <Filter>imgui</Filter>
    </ClInclude>
    <ClInclude Include="asl.hpp">
      <Filter>engine</Filter>
    </ClInclude>
    <ClInclude Include="lua.hpp">
      <Filter>engine</Filter>
    </ClInclude>
    <ClInclude Include="stb_image.h">
      <Filter>engine</Filter>
    </ClInclude>
    <ClInclude Include="cwlib\cwlib.hpp">
      <Filter>engine\cwlib</Filter>
    </ClInclude>
    <ClInclude Include="cwlib\cwasset.hpp">
      <Filter>engine\cwlib</Filter>
    </ClInclude>
    <ClInclude Include="cwlib\cwerror.h">
      <Filter>engine\cwlib</Filter>
    </ClInclude>
    <ClInclude Include="cwlib\cwlayout.hpp">
      <Filter>engine\cwlib</Filter>
    </ClInclude>
    <ClInclude Include="cwlib\_cwincludes.h">
      <Filter>engine\cwlib</Filter>
    </ClInclude>
    <ClInclude Include="cwlib\cwabt.hpp">
      <Filter>engine\cwlib</Filter>
    </ClInclude>
    <ClInclude Include="LUA_INCLUDE.h">
      <Filter>engine</Filter>
    </ClInclude>
    <ClInclude Include="GUIRenderer.h">
      <Filter>engine\renderer</Filter>
    </ClInclude>
    <ClInclude Include="renderer.hpp">
      <Filter>engine\renderer</Filter>
    </ClInclude>
    <ClInclude Include="guiRendererDefs.hpp">
      <Filter>engine\renderer</Filter>
    </ClInclude>
  </ItemGroup>
  <ItemGroup>
    <None Include="cpp.hint" />
    <None Include="out\json.lua">
      <Filter>lua</Filter>
    </None>
    <None Include="out\debug.lua">
      <Filter>lua</Filter>
    </None>
    <None Include="out\main.cwl">
      <Filter>world</Filter>
    </None>
    <None Include="out\test.cwl">
      <Filter>world</Filter>
    </None>
    <None Include="build\tra\test.lua">
      <Filter>world</Filter>
    </None>
  </ItemGroup>
  <ItemGroup>
    <ClCompile Include="runner.cpp">
      <Filter>engine</Filter>
    </ClCompile>
    <ClCompile Include="imgui\imgui.cpp">
      <Filter>imgui</Filter>
    </ClCompile>
    <ClCompile Include="imgui\imgui_draw.cpp">
      <Filter>imgui</Filter>
    </ClCompile>
    <ClCompile Include="imgui\imgui_impl_sdl.cpp">
      <Filter>imgui</Filter>
    </ClCompile>
    <ClCompile Include="imgui\imgui_impl_sdlrenderer.cpp">
      <Filter>imgui</Filter>
    </ClCompile>
    <ClCompile Include="imgui\imgui_tables.cpp">
      <Filter>imgui</Filter>
    </ClCompile>
    <ClCompile Include="imgui\imgui_widgets.cpp">
      <Filter>imgui</Filter>
    </ClCompile>
  </ItemGroup>
</Project>